
Microsoft Visual Studio Solution File, Format Version 12.00
# Visual Studio Version 16
VisualStudioVersion = 16.0.30225.117
MinimumVisualStudioVersion = 10.0.40219.1
Project("{FAE04EC0-301F-11D3-BF4B-00C04F79EFBC}") = "Korona", "Korona.csproj", "{B613ED03-BA17-4E0E-8862-CBF711BE0ACC}"
EndProject
Global
	GlobalSection(SolutionConfigurationPlatforms) = preSolution
		Debug|Any CPU = Debug|Any CPU
		Release|Any CPU = Release|Any CPU
	EndGlobalSection
	GlobalSection(ProjectConfigurationPlatforms) = postSolution
		{B613ED03-BA17-4E0E-8862-CBF711BE0ACC}.Debug|Any CPU.ActiveCfg = Debug|Any CPU
		{B613ED03-BA17-4E0E-8862-CBF711BE0ACC}.Debug|Any CPU.Build.0 = Debug|Any CPU
		{B613ED03-BA17-4E0E-8862-CBF711BE0ACC}.Release|Any CPU.ActiveCfg = Release|Any CPU
		{B613ED03-BA17-4E0E-8862-CBF711BE0ACC}.Release|Any CPU.Build.0 = Release|Any CPU
	EndGlobalSection
	GlobalSection(SolutionProperties) = preSolution
		HideSolutionNode = FALSE
	EndGlobalSection
	GlobalSection(ExtensibilityGlobals) = postSolution
		SolutionGuid = {1CFDE5B0-3CC5-4686-8FBE-8E3D66F701B5}
	EndGlobalSection
EndGlobal
