
Microsoft Visual Studio Solution File, Format Version 12.00
# Visual Studio Version 16
VisualStudioVersion = 16.0.30104.148
MinimumVisualStudioVersion = 10.0.40219.1
Project("{FAE04EC0-301F-11D3-BF4B-00C04F79EFBC}") = "Orders_PI", "Orders_PI.csproj", "{153DAF31-329E-4D25-A71F-E76CF6C8E93D}"
EndProject
Global
	GlobalSection(SolutionConfigurationPlatforms) = preSolution
		Debug|Any CPU = Debug|Any CPU
		Release|Any CPU = Release|Any CPU
	EndGlobalSection
	GlobalSection(ProjectConfigurationPlatforms) = postSolution
		{153DAF31-329E-4D25-A71F-E76CF6C8E93D}.Debug|Any CPU.ActiveCfg = Debug|Any CPU
		{153DAF31-329E-4D25-A71F-E76CF6C8E93D}.Debug|Any CPU.Build.0 = Debug|Any CPU
		{153DAF31-329E-4D25-A71F-E76CF6C8E93D}.Release|Any CPU.ActiveCfg = Release|Any CPU
		{153DAF31-329E-4D25-A71F-E76CF6C8E93D}.Release|Any CPU.Build.0 = Release|Any CPU
	EndGlobalSection
	GlobalSection(SolutionProperties) = preSolution
		HideSolutionNode = FALSE
	EndGlobalSection
	GlobalSection(ExtensibilityGlobals) = postSolution
		SolutionGuid = {8B511399-24FF-4018-AD0B-8AE82FCC70D6}
	EndGlobalSection
EndGlobal
